// !$*UTF8*$!
{
	archiveVersion = 1;
	classes = {
	};
	objectVersion = 50;
	objects = {

/* Begin PBXBuildFile section */
		D0A4C3C3211F874E00DE463F /* AppDelegate.swift in Sources */ = {isa = PBXBuildFile; fileRef = D0A4C3C2211F874E00DE463F /* AppDelegate.swift */; };
		D0A4C3C5211F874E00DE463F /* ViewController.swift in Sources */ = {isa = PBXBuildFile; fileRef = D0A4C3C4211F874E00DE463F /* ViewController.swift */; };
		D0A4C3C8211F874E00DE463F /* Main.storyboard in Resources */ = {isa = PBXBuildFile; fileRef = D0A4C3C6211F874E00DE463F /* Main.storyboard */; };
		D0A4C3CA211F874F00DE463F /* Assets.xcassets in Resources */ = {isa = PBXBuildFile; fileRef = D0A4C3C9211F874F00DE463F /* Assets.xcassets */; };
		D0A4C3CD211F874F00DE463F /* LaunchScreen.storyboard in Resources */ = {isa = PBXBuildFile; fileRef = D0A4C3CB211F874F00DE463F /* LaunchScreen.storyboard */; };
		D0A4C3D8211F874F00DE463F /* testing_out_gitTests.swift in Sources */ = {isa = PBXBuildFile; fileRef = D0A4C3D7211F874F00DE463F /* testing_out_gitTests.swift */; };
		D0A4C3E3211F874F00DE463F /* testing_out_gitUITests.swift in Sources */ = {isa = PBXBuildFile; fileRef = D0A4C3E2211F874F00DE463F /* testing_out_gitUITests.swift */; };
/* End PBXBuildFile section */

/* Begin PBXContainerItemProxy section */
		D0A4C3D4211F874F00DE463F /* PBXContainerItemProxy */ = {
			isa = PBXContainerItemProxy;
			containerPortal = D0A4C3B7211F874E00DE463F /* Project object */;
			proxyType = 1;
			remoteGlobalIDString = D0A4C3BE211F874E00DE463F;
			remoteInfo = "testing-out-git";
		};
		D0A4C3DF211F874F00DE463F /* PBXContainerItemProxy */ = {
			isa = PBXContainerItemProxy;
			containerPortal = D0A4C3B7211F874E00DE463F /* Project object */;
			proxyType = 1;
			remoteGlobalIDString = D0A4C3BE211F874E00DE463F;
			remoteInfo = "testing-out-git";
		};
/* End PBXContainerItemProxy section */

/* Begin PBXFileReference section */
		D0A4C3BF211F874E00DE463F /* testing-out-git.app */ = {isa = PBXFileReference; explicitFileType = wrapper.application; includeInIndex = 0; path = "testing-out-git.app"; sourceTree = BUILT_PRODUCTS_DIR; };
		D0A4C3C2211F874E00DE463F /* AppDelegate.swift */ = {isa = PBXFileReference; lastKnownFileType = sourcecode.swift; path = AppDelegate.swift; sourceTree = "<group>"; };
		D0A4C3C4211F874E00DE463F /* ViewController.swift */ = {isa = PBXFileReference; lastKnownFileType = sourcecode.swift; path = ViewController.swift; sourceTree = "<group>"; };
		D0A4C3C7211F874E00DE463F /* Base */ = {isa = PBXFileReference; lastKnownFileType = file.storyboard; name = Base; path = Base.lproj/Main.storyboard; sourceTree = "<group>"; };
		D0A4C3C9211F874F00DE463F /* Assets.xcassets */ = {isa = PBXFileReference; lastKnownFileType = folder.assetcatalog; path = Assets.xcassets; sourceTree = "<group>"; };
		D0A4C3CC211F874F00DE463F /* Base */ = {isa = PBXFileReference; lastKnownFileType = file.storyboard; name = Base; path = Base.lproj/LaunchScreen.storyboard; sourceTree = "<group>"; };
		D0A4C3CE211F874F00DE463F /* Info.plist */ = {isa = PBXFileReference; lastKnownFileType = text.plist.xml; path = Info.plist; sourceTree = "<group>"; };
		D0A4C3D3211F874F00DE463F /* testing-out-gitTests.xctest */ = {isa = PBXFileReference; explicitFileType = wrapper.cfbundle; includeInIndex = 0; path = "testing-out-gitTests.xctest"; sourceTree = BUILT_PRODUCTS_DIR; };
		D0A4C3D7211F874F00DE463F /* testing_out_gitTests.swift */ = {isa = PBXFileReference; lastKnownFileType = sourcecode.swift; path = testing_out_gitTests.swift; sourceTree = "<group>"; };
		D0A4C3D9211F874F00DE463F /* Info.plist */ = {isa = PBXFileReference; lastKnownFileType = text.plist.xml; path = Info.plist; sourceTree = "<group>"; };
		D0A4C3DE211F874F00DE463F /* testing-out-gitUITests.xctest */ = {isa = PBXFileReference; explicitFileType = wrapper.cfbundle; includeInIndex = 0; path = "testing-out-gitUITests.xctest"; sourceTree = BUILT_PRODUCTS_DIR; };
		D0A4C3E2211F874F00DE463F /* testing_out_gitUITests.swift */ = {isa = PBXFileReference; lastKnownFileType = sourcecode.swift; path = testing_out_gitUITests.swift; sourceTree = "<group>"; };
		D0A4C3E4211F874F00DE463F /* Info.plist */ = {isa = PBXFileReference; lastKnownFileType = text.plist.xml; path = Info.plist; sourceTree = "<group>"; };
/* End PBXFileReference section */

/* Begin PBXFrameworksBuildPhase section */
		D0A4C3BC211F874E00DE463F /* Frameworks */ = {
			isa = PBXFrameworksBuildPhase;
			buildActionMask = 2147483647;
			files = (
			);
			runOnlyForDeploymentPostprocessing = 0;
		};
		D0A4C3D0211F874F00DE463F /* Frameworks */ = {
			isa = PBXFrameworksBuildPhase;
			buildActionMask = 2147483647;
			files = (
			);
			runOnlyForDeploymentPostprocessing = 0;
		};
		D0A4C3DB211F874F00DE463F /* Frameworks */ = {
			isa = PBXFrameworksBuildPhase;
			buildActionMask = 2147483647;
			files = (
			);
			runOnlyForDeploymentPostprocessing = 0;
		};
/* End PBXFrameworksBuildPhase section */

/* Begin PBXGroup section */
		D0A4C3B6211F874E00DE463F = {
			isa = PBXGroup;
			children = (
				D0A4C3C1211F874E00DE463F /* testing-out-git */,
				D0A4C3D6211F874F00DE463F /* testing-out-gitTests */,
				D0A4C3E1211F874F00DE463F /* testing-out-gitUITests */,
				D0A4C3C0211F874E00DE463F /* Products */,
			);
			sourceTree = "<group>";
		};
		D0A4C3C0211F874E00DE463F /* Products */ = {
			isa = PBXGroup;
			children = (
				D0A4C3BF211F874E00DE463F /* testing-out-git.app */,
				D0A4C3D3211F874F00DE463F /* testing-out-gitTests.xctest */,
				D0A4C3DE211F874F00DE463F /* testing-out-gitUITests.xctest */,
			);
			name = Products;
			sourceTree = "<group>";
		};
		D0A4C3C1211F874E00DE463F /* testing-out-git */ = {
			isa = PBXGroup;
			children = (
				D0A4C3C2211F874E00DE463F /* AppDelegate.swift */,
				D0A4C3C4211F874E00DE463F /* ViewController.swift */,
				D0A4C3C6211F874E00DE463F /* Main.storyboard */,
				D0A4C3C9211F874F00DE463F /* Assets.xcassets */,
				D0A4C3CB211F874F00DE463F /* LaunchScreen.storyboard */,
				D0A4C3CE211F874F00DE463F /* Info.plist */,
			);
			path = "testing-out-git";
			sourceTree = "<group>";
		};
		D0A4C3D6211F874F00DE463F /* testing-out-gitTests */ = {
			isa = PBXGroup;
			children = (
				D0A4C3D7211F874F00DE463F /* testing_out_gitTests.swift */,
				D0A4C3D9211F874F00DE463F /* Info.plist */,
			);
			path = "testing-out-gitTests";
			sourceTree = "<group>";
		};
		D0A4C3E1211F874F00DE463F /* testing-out-gitUITests */ = {
			isa = PBXGroup;
			children = (
				D0A4C3E2211F874F00DE463F /* testing_out_gitUITests.swift */,
				D0A4C3E4211F874F00DE463F /* Info.plist */,
			);
			path = "testing-out-gitUITests";
			sourceTree = "<group>";
		};
/* End PBXGroup section */

/* Begin PBXNativeTarget section */
		D0A4C3BE211F874E00DE463F /* testing-out-git */ = {
			isa = PBXNativeTarget;
			buildConfigurationList = D0A4C3E7211F874F00DE463F /* Build configuration list for PBXNativeTarget "testing-out-git" */;
			buildPhases = (
				D0A4C3BB211F874E00DE463F /* Sources */,
				D0A4C3BC211F874E00DE463F /* Frameworks */,
				D0A4C3BD211F874E00DE463F /* Resources */,
			);
			buildRules = (
			);
			dependencies = (
			);
			name = "testing-out-git";
			productName = "testing-out-git";
			productReference = D0A4C3BF211F874E00DE463F /* testing-out-git.app */;
			productType = "com.apple.product-type.application";
		};
		D0A4C3D2211F874F00DE463F /* testing-out-gitTests */ = {
			isa = PBXNativeTarget;
			buildConfigurationList = D0A4C3EA211F874F00DE463F /* Build configuration list for PBXNativeTarget "testing-out-gitTests" */;
			buildPhases = (
				D0A4C3CF211F874F00DE463F /* Sources */,
				D0A4C3D0211F874F00DE463F /* Frameworks */,
				D0A4C3D1211F874F00DE463F /* Resources */,
			);
			buildRules = (
			);
			dependencies = (
				D0A4C3D5211F874F00DE463F /* PBXTargetDependency */,
			);
			name = "testing-out-gitTests";
			productName = "testing-out-gitTests";
			productReference = D0A4C3D3211F874F00DE463F /* testing-out-gitTests.xctest */;
			productType = "com.apple.product-type.bundle.unit-test";
		};
		D0A4C3DD211F874F00DE463F /* testing-out-gitUITests */ = {
			isa = PBXNativeTarget;
			buildConfigurationList = D0A4C3ED211F874F00DE463F /* Build configuration list for PBXNativeTarget "testing-out-gitUITests" */;
			buildPhases = (
				D0A4C3DA211F874F00DE463F /* Sources */,
				D0A4C3DB211F874F00DE463F /* Frameworks */,
				D0A4C3DC211F874F00DE463F /* Resources */,
			);
			buildRules = (
			);
			dependencies = (
				D0A4C3E0211F874F00DE463F /* PBXTargetDependency */,
			);
			name = "testing-out-gitUITests";
			productName = "testing-out-gitUITests";
			productReference = D0A4C3DE211F874F00DE463F /* testing-out-gitUITests.xctest */;
			productType = "com.apple.product-type.bundle.ui-testing";
		};
/* End PBXNativeTarget section */

/* Begin PBXProject section */
		D0A4C3B7211F874E00DE463F /* Project object */ = {
			isa = PBXProject;
			attributes = {
				LastSwiftUpdateCheck = 0940;
				LastUpgradeCheck = 0940;
				ORGANIZATIONNAME = "Justin Westbrook";
				TargetAttributes = {
					D0A4C3BE211F874E00DE463F = {
						CreatedOnToolsVersion = 9.4.1;
					};
					D0A4C3D2211F874F00DE463F = {
						CreatedOnToolsVersion = 9.4.1;
						TestTargetID = D0A4C3BE211F874E00DE463F;
					};
					D0A4C3DD211F874F00DE463F = {
						CreatedOnToolsVersion = 9.4.1;
						TestTargetID = D0A4C3BE211F874E00DE463F;
					};
				};
			};
			buildConfigurationList = D0A4C3BA211F874E00DE463F /* Build configuration list for PBXProject "testing-out-git" */;
			compatibilityVersion = "Xcode 9.3";
			developmentRegion = en;
			hasScannedForEncodings = 0;
			knownRegions = (
				en,
				Base,
			);
			mainGroup = D0A4C3B6211F874E00DE463F;
			productRefGroup = D0A4C3C0211F874E00DE463F /* Products */;
			projectDirPath = "";
			projectRoot = "";
			targets = (
				D0A4C3BE211F874E00DE463F /* testing-out-git */,
				D0A4C3D2211F874F00DE463F /* testing-out-gitTests */,
				D0A4C3DD211F874F00DE463F /* testing-out-gitUITests */,
			);
		};
/* End PBXProject section */

/* Begin PBXResourcesBuildPhase section */
		D0A4C3BD211F874E00DE463F /* Resources */ = {
			isa = PBXResourcesBuildPhase;
			buildActionMask = 2147483647;
			files = (
				D0A4C3CD211F874F00DE463F /* LaunchScreen.storyboard in Resources */,
				D0A4C3CA211F874F00DE463F /* Assets.xcassets in Resources */,
				D0A4C3C8211F874E00DE463F /* Main.storyboard in Resources */,
			);
			runOnlyForDeploymentPostprocessing = 0;
		};
		D0A4C3D1211F874F00DE463F /* Resources */ = {
			isa = PBXResourcesBuildPhase;
			buildActionMask = 2147483647;
			files = (
			);
			runOnlyForDeploymentPostprocessing = 0;
		};
		D0A4C3DC211F874F00DE463F /* Resources */ = {
			isa = PBXResourcesBuildPhase;
			buildActionMask = 2147483647;
			files = (
			);
			runOnlyForDeploymentPostprocessing = 0;
		};
/* End PBXResourcesBuildPhase section */

/* Begin PBXSourcesBuildPhase section */
		D0A4C3BB211F874E00DE463F /* Sources */ = {
			isa = PBXSourcesBuildPhase;
			buildActionMask = 2147483647;
			files = (
				D0A4C3C5211F874E00DE463F /* ViewController.swift in Sources */,
				D0A4C3C3211F874E00DE463F /* AppDelegate.swift in Sources */,
			);
			runOnlyForDeploymentPostprocessing = 0;
		};
		D0A4C3CF211F874F00DE463F /* Sources */ = {
			isa = PBXSourcesBuildPhase;
			buildActionMask = 2147483647;
			files = (
				D0A4C3D8211F874F00DE463F /* testing_out_gitTests.swift in Sources */,
			);
			runOnlyForDeploymentPostprocessing = 0;
		};
		D0A4C3DA211F874F00DE463F /* Sources */ = {
			isa = PBXSourcesBuildPhase;
			buildActionMask = 2147483647;
			files = (
				D0A4C3E3211F874F00DE463F /* testing_out_gitUITests.swift in Sources */,
			);
			runOnlyForDeploymentPostprocessing = 0;
		};
/* End PBXSourcesBuildPhase section */

/* Begin PBXTargetDependency section */
		D0A4C3D5211F874F00DE463F /* PBXTargetDependency */ = {
			isa = PBXTargetDependency;
			target = D0A4C3BE211F874E00DE463F /* testing-out-git */;
			targetProxy = D0A4C3D4211F874F00DE463F /* PBXContainerItemProxy */;
		};
		D0A4C3E0211F874F00DE463F /* PBXTargetDependency */ = {
			isa = PBXTargetDependency;
			target = D0A4C3BE211F874E00DE463F /* testing-out-git */;
			targetProxy = D0A4C3DF211F874F00DE463F /* PBXContainerItemProxy */;
		};
/* End PBXTargetDependency section */

/* Begin PBXVariantGroup section */
		D0A4C3C6211F874E00DE463F /* Main.storyboard */ = {
			isa = PBXVariantGroup;
			children = (
				D0A4C3C7211F874E00DE463F /* Base */,
			);
			name = Main.storyboard;
			sourceTree = "<group>";
		};
		D0A4C3CB211F874F00DE463F /* LaunchScreen.storyboard */ = {
			isa = PBXVariantGroup;
			children = (
				D0A4C3CC211F874F00DE463F /* Base */,
			);
			name = LaunchScreen.storyboard;
			sourceTree = "<group>";
		};
/* End PBXVariantGroup section */

/* Begin XCBuildConfiguration section */
		D0A4C3E5211F874F00DE463F /* Debug */ = {
			isa = XCBuildConfiguration;
			buildSettings = {
				ALWAYS_SEARCH_USER_PATHS = NO;
				CLANG_ANALYZER_NONNULL = YES;
				CLANG_ANALYZER_NUMBER_OBJECT_CONVERSION = YES_AGGRESSIVE;
				CLANG_CXX_LANGUAGE_STANDARD = "gnu++14";
				CLANG_CXX_LIBRARY = "libc++";
				CLANG_ENABLE_MODULES = YES;
				CLANG_ENABLE_OBJC_ARC = YES;
				CLANG_ENABLE_OBJC_WEAK = YES;
				CLANG_WARN_BLOCK_CAPTURE_AUTORELEASING = YES;
				CLANG_WARN_BOOL_CONVERSION = YES;
				CLANG_WARN_COMMA = YES;
				CLANG_WARN_CONSTANT_CONVERSION = YES;
				CLANG_WARN_DEPRECATED_OBJC_IMPLEMENTATIONS = YES;
				CLANG_WARN_DIRECT_OBJC_ISA_USAGE = YES_ERROR;
				CLANG_WARN_DOCUMENTATION_COMMENTS = YES;
				CLANG_WARN_EMPTY_BODY = YES;
				CLANG_WARN_ENUM_CONVERSION = YES;
				CLANG_WARN_INFINITE_RECURSION = YES;
				CLANG_WARN_INT_CONVERSION = YES;
				CLANG_WARN_NON_LITERAL_NULL_CONVERSION = YES;
				CLANG_WARN_OBJC_IMPLICIT_RETAIN_SELF = YES;
				CLANG_WARN_OBJC_LITERAL_CONVERSION = YES;
				CLANG_WARN_OBJC_ROOT_CLASS = YES_ERROR;
				CLANG_WARN_RANGE_LOOP_ANALYSIS = YES;
				CLANG_WARN_STRICT_PROTOTYPES = YES;
				CLANG_WARN_SUSPICIOUS_MOVE = YES;
				CLANG_WARN_UNGUARDED_AVAILABILITY = YES_AGGRESSIVE;
				CLANG_WARN_UNREACHABLE_CODE = YES;
				CLANG_WARN__DUPLICATE_METHOD_MATCH = YES;
				CODE_SIGN_IDENTITY = "iPhone Developer";
				COPY_PHASE_STRIP = NO;
				DEBUG_INFORMATION_FORMAT = dwarf;
				ENABLE_STRICT_OBJC_MSGSEND = YES;
				ENABLE_TESTABILITY = YES;
				GCC_C_LANGUAGE_STANDARD = gnu11;
				GCC_DYNAMIC_NO_PIC = NO;
				GCC_NO_COMMON_BLOCKS = YES;
				GCC_OPTIMIZATION_LEVEL = 0;
				GCC_PREPROCESSOR_DEFINITIONS = (
					"DEBUG=1",
					"$(inherited)",
				);
				GCC_WARN_64_TO_32_BIT_CONVERSION = YES;
				GCC_WARN_ABOUT_RETURN_TYPE = YES_ERROR;
				GCC_WARN_UNDECLARED_SELECTOR = YES;
				GCC_WARN_UNINITIALIZED_AUTOS = YES_AGGRESSIVE;
				GCC_WARN_UNUSED_FUNCTION = YES;
				GCC_WARN_UNUSED_VARIABLE = YES;
				IPHONEOS_DEPLOYMENT_TARGET = 11.4;
				MTL_ENABLE_DEBUG_INFO = YES;
				ONLY_ACTIVE_ARCH = YES;
				SDKROOT = iphoneos;
				SWIFT_ACTIVE_COMPILATION_CONDITIONS = DEBUG;
				SWIFT_OPTIMIZATION_LEVEL = "-Onone";
			};
			name = Debug;
		};
		D0A4C3E6211F874F00DE463F /* Release */ = {
			isa = XCBuildConfiguration;
			buildSettings = {
				ALWAYS_SEARCH_USER_PATHS = NO;
				CLANG_ANALYZER_NONNULL = YES;
				CLANG_ANALYZER_NUMBER_OBJECT_CONVERSION = YES_AGGRESSIVE;
				CLANG_CXX_LANGUAGE_STANDARD = "gnu++14";
				CLANG_CXX_LIBRARY = "libc++";
				CLANG_ENABLE_MODULES = YES;
				CLANG_ENABLE_OBJC_ARC = YES;
				CLANG_ENABLE_OBJC_WEAK = YES;
				CLANG_WARN_BLOCK_CAPTURE_AUTORELEASING = YES;
				CLANG_WARN_BOOL_CONVERSION = YES;
				CLANG_WARN_COMMA = YES;
				CLANG_WARN_CONSTANT_CONVERSION = YES;
				CLANG_WARN_DEPRECATED_OBJC_IMPLEMENTATIONS = YES;
				CLANG_WARN_DIRECT_OBJC_ISA_USAGE = YES_ERROR;
				CLANG_WARN_DOCUMENTATION_COMMENTS = YES;
				CLANG_WARN_EMPTY_BODY = YES;
				CLANG_WARN_ENUM_CONVERSION = YES;
				CLANG_WARN_INFINITE_RECURSION = YES;
				CLANG_WARN_INT_CONVERSION = YES;
				CLANG_WARN_NON_LITERAL_NULL_CONVERSION = YES;
				CLANG_WARN_OBJC_IMPLICIT_RETAIN_SELF = YES;
				CLANG_WARN_OBJC_LITERAL_CONVERSION = YES;
				CLANG_WARN_OBJC_ROOT_CLASS = YES_ERROR;
				CLANG_WARN_RANGE_LOOP_ANALYSIS = YES;
				CLANG_WARN_STRICT_PROTOTYPES = YES;
				CLANG_WARN_SUSPICIOUS_MOVE = YES;
				CLANG_WARN_UNGUARDED_AVAILABILITY = YES_AGGRESSIVE;
				CLANG_WARN_UNREACHABLE_CODE = YES;
				CLANG_WARN__DUPLICATE_METHOD_MATCH = YES;
				CODE_SIGN_IDENTITY = "iPhone Developer";
				COPY_PHASE_STRIP = NO;
				DEBUG_INFORMATION_FORMAT = "dwarf-with-dsym";
				ENABLE_NS_ASSERTIONS = NO;
				ENABLE_STRICT_OBJC_MSGSEND = YES;
				GCC_C_LANGUAGE_STANDARD = gnu11;
				GCC_NO_COMMON_BLOCKS = YES;
				GCC_WARN_64_TO_32_BIT_CONVERSION = YES;
				GCC_WARN_ABOUT_RETURN_TYPE = YES_ERROR;
				GCC_WARN_UNDECLARED_SELECTOR = YES;
				GCC_WARN_UNINITIALIZED_AUTOS = YES_AGGRESSIVE;
				GCC_WARN_UNUSED_FUNCTION = YES;
				GCC_WARN_UNUSED_VARIABLE = YES;
				IPHONEOS_DEPLOYMENT_TARGET = 11.4;
				MTL_ENABLE_DEBUG_INFO = NO;
				SDKROOT = iphoneos;
				SWIFT_COMPILATION_MODE = wholemodule;
				SWIFT_OPTIMIZATION_LEVEL = "-O";
				VALIDATE_PRODUCT = YES;
			};
			name = Release;
		};
		D0A4C3E8211F874F00DE463F /* Debug */ = {
			isa = XCBuildConfiguration;
			buildSettings = {
				ASSETCATALOG_COMPILER_APPICON_NAME = AppIcon;
				CODE_SIGN_STYLE = Automatic;
				DEVELOPMENT_TEAM = Q7JVLDQQXR;
				INFOPLIST_FILE = "testing-out-git/Info.plist";
				LD_RUNPATH_SEARCH_PATHS = (
					"$(inherited)",
					"@executable_path/Frameworks",
				);
				PRODUCT_BUNDLE_IDENTIFIER = "com.testing-out-git";
				PRODUCT_NAME = "$(TARGET_NAME)";
				SWIFT_VERSION = 4.0;
				TARGETED_DEVICE_FAMILY = "1,2";
			};
			name = Debug;
		};
		D0A4C3E9211F874F00DE463F /* Release */ = {
			isa = XCBuildConfiguration;
			buildSettings = {
				ASSETCATALOG_COMPILER_APPICON_NAME = AppIcon;
				CODE_SIGN_STYLE = Automatic;
				DEVELOPMENT_TEAM = Q7JVLDQQXR;
				INFOPLIST_FILE = "testing-out-git/Info.plist";
				LD_RUNPATH_SEARCH_PATHS = (
					"$(inherited)",
					"@executable_path/Frameworks",
				);
				PRODUCT_BUNDLE_IDENTIFIER = "com.testing-out-git";
				PRODUCT_NAME = "$(TARGET_NAME)";
				SWIFT_VERSION = 4.0;
				TARGETED_DEVICE_FAMILY = "1,2";
			};
			name = Release;
		};
		D0A4C3EB211F874F00DE463F /* Debug */ = {
			isa = XCBuildConfiguration;
			buildSettings = {
				ALWAYS_EMBED_SWIFT_STANDARD_LIBRARIES = YES;
				BUNDLE_LOADER = "$(TEST_HOST)";
				CODE_SIGN_STYLE = Automatic;
				DEVELOPMENT_TEAM = Q7JVLDQQXR;
				INFOPLIST_FILE = "testing-out-gitTests/Info.plist";
				LD_RUNPATH_SEARCH_PATHS = (
					"$(inherited)",
					"@executable_path/Frameworks",
					"@loader_path/Frameworks",
				);
				PRODUCT_BUNDLE_IDENTIFIER = "com.testing-out-gitTests";
				PRODUCT_NAME = "$(TARGET_NAME)";
				SWIFT_VERSION = 4.0;
				TARGETED_DEVICE_FAMILY = "1,2";
				TEST_HOST = "$(BUILT_PRODUCTS_DIR)/testing-out-git.app/testing-out-git";
			};
			name = Debug;
		};
		D0A4C3EC211F874F00DE463F /* Release */ = {
			isa = XCBuildConfiguration;
			buildSettings = {
				ALWAYS_EMBED_SWIFT_STANDARD_LIBRARIES = YES;
				BUNDLE_LOADER = "$(TEST_HOST)";
				CODE_SIGN_STYLE = Automatic;
				DEVELOPMENT_TEAM = Q7JVLDQQXR;
				INFOPLIST_FILE = "testing-out-gitTests/Info.plist";
				LD_RUNPATH_SEARCH_PATHS = (
					"$(inherited)",
					"@executable_path/Frameworks",
					"@loader_path/Frameworks",
				);
				PRODUCT_BUNDLE_IDENTIFIER = "com.testing-out-gitTests";
				PRODUCT_NAME = "$(TARGET_NAME)";
				SWIFT_VERSION = 4.0;
				TARGETED_DEVICE_FAMILY = "1,2";
				TEST_HOST = "$(BUILT_PRODUCTS_DIR)/testing-out-git.app/testing-out-git";
			};
			name = Release;
		};
		D0A4C3EE211F874F00DE463F /* Debug */ = {
			isa = XCBuildConfiguration;
			buildSettings = {
				ALWAYS_EMBED_SWIFT_STANDARD_LIBRARIES = YES;
				CODE_SIGN_STYLE = Automatic;
				DEVELOPMENT_TEAM = Q7JVLDQQXR;
				INFOPLIST_FILE = "testing-out-gitUITests/Info.plist";
				LD_RUNPATH_SEARCH_PATHS = (
					"$(inherited)",
					"@executable_path/Frameworks",
					"@loader_path/Frameworks",
				);
				PRODUCT_BUNDLE_IDENTIFIER = "com.testing-out-gitUITests";
				PRODUCT_NAME = "$(TARGET_NAME)";
				SWIFT_VERSION = 4.0;
				TARGETED_DEVICE_FAMILY = "1,2";
				TEST_TARGET_NAME = "testing-out-git";
			};
			name = Debug;
		};
		D0A4C3EF211F874F00DE463F /* Release */ = {
			isa = XCBuildConfiguration;
			buildSettings = {
				ALWAYS_EMBED_SWIFT_STANDARD_LIBRARIES = YES;
				CODE_SIGN_STYLE = Automatic;
				DEVELOPMENT_TEAM = Q7JVLDQQXR;
				INFOPLIST_FILE = "testing-out-gitUITests/Info.plist";
				LD_RUNPATH_SEARCH_PATHS = (
					"$(inherited)",
					"@executable_path/Frameworks",
					"@loader_path/Frameworks",
				);
				PRODUCT_BUNDLE_IDENTIFIER = "com.testing-out-gitUITests";
				PRODUCT_NAME = "$(TARGET_NAME)";
				SWIFT_VERSION = 4.0;
				TARGETED_DEVICE_FAMILY = "1,2";
				TEST_TARGET_NAME = "testing-out-git";
			};
			name = Release;
		};
/* End XCBuildConfiguration section */

/* Begin XCConfigurationList section */
		D0A4C3BA211F874E00DE463F /* Build configuration list for PBXProject "testing-out-git" */ = {
			isa = XCConfigurationList;
			buildConfigurations = (
				D0A4C3E5211F874F00DE463F /* Debug */,
				D0A4C3E6211F874F00DE463F /* Release */,
			);
			defaultConfigurationIsVisible = 0;
			defaultConfigurationName = Release;
		};
		D0A4C3E7211F874F00DE463F /* Build configuration list for PBXNativeTarget "testing-out-git" */ = {
			isa = XCConfigurationList;
			buildConfigurations = (
				D0A4C3E8211F874F00DE463F /* Debug */,
				D0A4C3E9211F874F00DE463F /* Release */,
			);
			defaultConfigurationIsVisible = 0;
			defaultConfigurationName = Release;
		};
		D0A4C3EA211F874F00DE463F /* Build configuration list for PBXNativeTarget "testing-out-gitTests" */ = {
			isa = XCConfigurationList;
			buildConfigurations = (
				D0A4C3EB211F874F00DE463F /* Debug */,
				D0A4C3EC211F874F00DE463F /* Release */,
			);
			defaultConfigurationIsVisible = 0;
			defaultConfigurationName = Release;
		};
		D0A4C3ED211F874F00DE463F /* Build configuration list for PBXNativeTarget "testing-out-gitUITests" */ = {
			isa = XCConfigurationList;
			buildConfigurations = (
				D0A4C3EE211F874F00DE463F /* Debug */,
				D0A4C3EF211F874F00DE463F /* Release */,
			);
			defaultConfigurationIsVisible = 0;
			defaultConfigurationName = Release;
		};
/* End XCConfigurationList section */
	};
	rootObject = D0A4C3B7211F874E00DE463F /* Project object */;
}
